{
  "version": 1,
  "dependencies": {
    "net8.0": {
      "Microsoft.Extensions.Primitives": {
        "type": "Direct",
        "requested": "[9.0.0, )",
        "resolved": "9.0.0",
        "contentHash": "N3qEBzmLMYiASUlKxxFIISP4AiwuPTHF5uCh+2CWSwwzAJiIYx0kBJsS30cp1nvhSySFAVi30jecD307jV+8Kg=="
      },
      "arbor.modelbinding": {
        "type": "Project",
        "dependencies": {
          "Microsoft.Extensions.Primitives": "[9.0.0, )"
        }
      }
    },
    "net9.0": {
      "Microsoft.Extensions.Primitives": {
        "type": "Direct",
        "requested": "[9.0.0, )",
        "resolved": "9.0.0",
        "contentHash": "N3qEBzmLMYiASUlKxxFIISP4AiwuPTHF5uCh+2CWSwwzAJiIYx0kBJsS30cp1nvhSySFAVi30jecD307jV+8Kg=="
      },
      "arbor.modelbinding": {
        "type": "Project",
        "dependencies": {
          "Microsoft.Extensions.Primitives": "[9.0.0, )"
        }
      }
    }
  }
}