{
  "version": 1,
  "dependencies": {
    "net8.0": {
      "Microsoft.Extensions.Primitives": {
        "type": "Direct",
        "requested": "[10.0.6, )",
        "resolved": "10.0.6",
        "contentHash": "L8P21mqaG+CXvPheLndean/cHCOcItJqH8nx+0YQnK7wAiOR0G1IOC418ZSzTMD2D6Gmo0f2M5WR70XtpX2B8g=="
      },
      "arbor.modelbinding": {
        "type": "Project",
        "dependencies": {
          "Microsoft.Extensions.Primitives": "[10.0.6, )"
        }
      }
    },
    "net9.0": {
      "Microsoft.Extensions.Primitives": {
        "type": "Direct",
        "requested": "[10.0.6, )",
        "resolved": "10.0.6",
        "contentHash": "L8P21mqaG+CXvPheLndean/cHCOcItJqH8nx+0YQnK7wAiOR0G1IOC418ZSzTMD2D6Gmo0f2M5WR70XtpX2B8g=="
      },
      "arbor.modelbinding": {
        "type": "Project",
        "dependencies": {
          "Microsoft.Extensions.Primitives": "[10.0.6, )"
        }
      }
    }
  }
}