{
  "version": 1,
  "dependencies": {
    ".NETFramework,Version=v4.6.2": {},
    ".NETFramework,Version=v4.7": {},
    ".NETFramework,Version=v4.7.1": {},
    ".NETFramework,Version=v4.7.2": {},
    ".NETFramework,Version=v4.8": {},
    ".NETFramework,Version=v4.8.1": {},
    ".NETStandard,Version=v2.0": {},
    "net8.0": {},
    "net9.0": {}
  }
}