{
  "version": 1,
  "dependencies": {
    ".NETCoreApp,Version=v2.1": {
      "Microsoft.Extensions.Primitives": {
        "type": "Direct",
        "requested": "[5.0.0-preview.7.20364.11, )",
        "resolved": "5.0.0-preview.7.20364.11",
        "contentHash": "ddBYIH2AlflSH7wMT8XKpWpfA08lAn+fU/pVCvY3kt5TRRMXpBgzUDZ39S8MRNXFlqBsJDuapkxKjsv193we6g==",
        "dependencies": {
          "System.Runtime.CompilerServices.Unsafe": "5.0.0-preview.7.20364.11"
        }
      },
      "Microsoft.NETCore.App": {
        "type": "Direct",
        "requested": "[2.1.0, )",
        "resolved": "2.1.0",
        "contentHash": "JNHhG+j5eIhG26+H721IDmwswGUznTwwSuJMFe/08h0X2YarHvA15sVAvUkA/2Sp3W0ENNm48t+J7KTPRqEpfA==",
        "dependencies": {
          "Microsoft.NETCore.DotNetHostPolicy": "2.1.0",
          "Microsoft.NETCore.Platforms": "2.1.0",
          "Microsoft.NETCore.Targets": "2.1.0",
          "NETStandard.Library": "2.0.3"
        }
      },
      "Newtonsoft.Json": {
        "type": "Direct",
        "requested": "[12.0.3, )",
        "resolved": "12.0.3",
        "contentHash": "6mgjfnRB4jKMlzHSl+VD+oUc1IebOZabkbyWj2RiTgWwYPPuaK1H97G1sHqGwPlS5npiF5Q0OrxN1wni2n5QWg=="
      },
      "Microsoft.NETCore.DotNetAppHost": {
        "type": "Transitive",
        "resolved": "2.1.0",
        "contentHash": "vMn8V3GOp/SPOG2oE8WxswzAWZ/GZmc8EPiB3vc2EZ6us14ehXhsvUFXndYopGNSjCa9OdqC6L6xStF1KyUZnw=="
      },
      "Microsoft.NETCore.DotNetHostPolicy": {
        "type": "Transitive",
        "resolved": "2.1.0",
        "contentHash": "vBUwNihtLUVS2HhO6WocYfAktRmfFihm6JB8/sJ53caVW+AelvbnYpfiGzaZDpkWjN6vA3xzOKPu9Vu8Zz3p8Q==",
        "dependencies": {
          "Microsoft.NETCore.DotNetHostResolver": "2.1.0"
        }
      },
      "Microsoft.NETCore.DotNetHostResolver": {
        "type": "Transitive",
        "resolved": "2.1.0",
        "contentHash": "o0PRql5qOHFEY3d1WvzE+T7cMFKtOsWLMg8L1oTeGNnI4u5AzOj8o6AdZT3y2GxFA1DAx7AQ9qZjpCO2/bgZRw==",
        "dependencies": {
          "Microsoft.NETCore.DotNetAppHost": "2.1.0"
        }
      },
      "Microsoft.NETCore.Platforms": {
        "type": "Transitive",
        "resolved": "2.1.0",
        "contentHash": "ok+RPAtESz/9MUXeIEz6Lv5XAGQsaNmEYXMsgVALj4D7kqC8gveKWXWXbufLySR2fWrwZf8smyN5RmHu0e4BHA=="
      },
      "Microsoft.NETCore.Targets": {
        "type": "Transitive",
        "resolved": "2.1.0",
        "contentHash": "x188gIZXOwFXkPXyGavEcPGcR6RGvjFOES2QzskN4gERZjWPN34qhRsZVMC0CLJfQLGSButarcgWxPPM4vmg0w=="
      },
      "NETStandard.Library": {
        "type": "Transitive",
        "resolved": "2.0.3",
        "contentHash": "st47PosZSHrjECdjeIzZQbzivYBJFv6P2nv4cj2ypdI204DO+vZ7l5raGMiX4eXMJ53RfOIg+/s4DHVZ54Nu2A==",
        "dependencies": {
          "Microsoft.NETCore.Platforms": "1.1.0"
        }
      },
      "System.Runtime.CompilerServices.Unsafe": {
        "type": "Transitive",
        "resolved": "5.0.0-preview.7.20364.11",
        "contentHash": "6oEx3elihyJmDIcofF5g5AB2hSk0P+lc9WIyDEEVxi6BlBk1xkoOik/r16YlLT/rq/a7rUdyXzbRtabH9N+Dxg=="
      }
    },
    ".NETCoreApp,Version=v3.1": {
      "Microsoft.Extensions.Primitives": {
        "type": "Direct",
        "requested": "[5.0.0-preview.7.20364.11, )",
        "resolved": "5.0.0-preview.7.20364.11",
        "contentHash": "ddBYIH2AlflSH7wMT8XKpWpfA08lAn+fU/pVCvY3kt5TRRMXpBgzUDZ39S8MRNXFlqBsJDuapkxKjsv193we6g==",
        "dependencies": {
          "System.Runtime.CompilerServices.Unsafe": "5.0.0-preview.7.20364.11"
        }
      },
      "Newtonsoft.Json": {
        "type": "Direct",
        "requested": "[12.0.3, )",
        "resolved": "12.0.3",
        "contentHash": "6mgjfnRB4jKMlzHSl+VD+oUc1IebOZabkbyWj2RiTgWwYPPuaK1H97G1sHqGwPlS5npiF5Q0OrxN1wni2n5QWg=="
      },
      "System.Runtime.CompilerServices.Unsafe": {
        "type": "Transitive",
        "resolved": "5.0.0-preview.7.20364.11",
        "contentHash": "6oEx3elihyJmDIcofF5g5AB2hSk0P+lc9WIyDEEVxi6BlBk1xkoOik/r16YlLT/rq/a7rUdyXzbRtabH9N+Dxg=="
      }
    },
    ".NETFramework,Version=v4.6.1": {
      "Microsoft.Extensions.Primitives": {
        "type": "Direct",
        "requested": "[5.0.0-preview.7.20364.11, )",
        "resolved": "5.0.0-preview.7.20364.11",
        "contentHash": "ddBYIH2AlflSH7wMT8XKpWpfA08lAn+fU/pVCvY3kt5TRRMXpBgzUDZ39S8MRNXFlqBsJDuapkxKjsv193we6g==",
        "dependencies": {
          "System.Memory": "4.5.3",
          "System.Runtime.CompilerServices.Unsafe": "5.0.0-preview.7.20364.11"
        }
      },
      "Newtonsoft.Json": {
        "type": "Direct",
        "requested": "[12.0.3, )",
        "resolved": "12.0.3",
        "contentHash": "6mgjfnRB4jKMlzHSl+VD+oUc1IebOZabkbyWj2RiTgWwYPPuaK1H97G1sHqGwPlS5npiF5Q0OrxN1wni2n5QWg=="
      },
      "System.Buffers": {
        "type": "Transitive",
        "resolved": "4.4.0",
        "contentHash": "AwarXzzoDwX6BgrhjoJsk6tUezZEozOT5Y9QKF94Gl4JK91I4PIIBkBco9068Y9/Dra8Dkbie99kXB8+1BaYKw=="
      },
      "System.Memory": {
        "type": "Transitive",
        "resolved": "4.5.3",
        "contentHash": "3oDzvc/zzetpTKWMShs1AADwZjQ/36HnsufHRPcOjyRAAMLDlu2iD33MBI2opxnezcVUtXyqDXXjoFMOU9c7SA==",
        "dependencies": {
          "System.Buffers": "4.4.0",
          "System.Numerics.Vectors": "4.4.0",
          "System.Runtime.CompilerServices.Unsafe": "4.5.2"
        }
      },
      "System.Numerics.Vectors": {
        "type": "Transitive",
        "resolved": "4.4.0",
        "contentHash": "UiLzLW+Lw6HLed1Hcg+8jSRttrbuXv7DANVj0DkL9g6EnnzbL75EB7EWsw5uRbhxd/4YdG8li5XizGWepmG3PQ=="
      },
      "System.Runtime.CompilerServices.Unsafe": {
        "type": "Transitive",
        "resolved": "5.0.0-preview.7.20364.11",
        "contentHash": "6oEx3elihyJmDIcofF5g5AB2hSk0P+lc9WIyDEEVxi6BlBk1xkoOik/r16YlLT/rq/a7rUdyXzbRtabH9N+Dxg=="
      }
    },
    ".NETFramework,Version=v4.7.1": {
      "Microsoft.Extensions.Primitives": {
        "type": "Direct",
        "requested": "[5.0.0-preview.7.20364.11, )",
        "resolved": "5.0.0-preview.7.20364.11",
        "contentHash": "ddBYIH2AlflSH7wMT8XKpWpfA08lAn+fU/pVCvY3kt5TRRMXpBgzUDZ39S8MRNXFlqBsJDuapkxKjsv193we6g==",
        "dependencies": {
          "System.Memory": "4.5.3",
          "System.Runtime.CompilerServices.Unsafe": "5.0.0-preview.7.20364.11"
        }
      },
      "Newtonsoft.Json": {
        "type": "Direct",
        "requested": "[12.0.3, )",
        "resolved": "12.0.3",
        "contentHash": "6mgjfnRB4jKMlzHSl+VD+oUc1IebOZabkbyWj2RiTgWwYPPuaK1H97G1sHqGwPlS5npiF5Q0OrxN1wni2n5QWg=="
      },
      "System.Buffers": {
        "type": "Transitive",
        "resolved": "4.4.0",
        "contentHash": "AwarXzzoDwX6BgrhjoJsk6tUezZEozOT5Y9QKF94Gl4JK91I4PIIBkBco9068Y9/Dra8Dkbie99kXB8+1BaYKw=="
      },
      "System.Memory": {
        "type": "Transitive",
        "resolved": "4.5.3",
        "contentHash": "3oDzvc/zzetpTKWMShs1AADwZjQ/36HnsufHRPcOjyRAAMLDlu2iD33MBI2opxnezcVUtXyqDXXjoFMOU9c7SA==",
        "dependencies": {
          "System.Buffers": "4.4.0",
          "System.Numerics.Vectors": "4.4.0",
          "System.Runtime.CompilerServices.Unsafe": "4.5.2"
        }
      },
      "System.Numerics.Vectors": {
        "type": "Transitive",
        "resolved": "4.4.0",
        "contentHash": "UiLzLW+Lw6HLed1Hcg+8jSRttrbuXv7DANVj0DkL9g6EnnzbL75EB7EWsw5uRbhxd/4YdG8li5XizGWepmG3PQ=="
      },
      "System.Runtime.CompilerServices.Unsafe": {
        "type": "Transitive",
        "resolved": "5.0.0-preview.7.20364.11",
        "contentHash": "6oEx3elihyJmDIcofF5g5AB2hSk0P+lc9WIyDEEVxi6BlBk1xkoOik/r16YlLT/rq/a7rUdyXzbRtabH9N+Dxg=="
      }
    },
    ".NETFramework,Version=v4.7.2": {
      "Microsoft.Extensions.Primitives": {
        "type": "Direct",
        "requested": "[5.0.0-preview.7.20364.11, )",
        "resolved": "5.0.0-preview.7.20364.11",
        "contentHash": "ddBYIH2AlflSH7wMT8XKpWpfA08lAn+fU/pVCvY3kt5TRRMXpBgzUDZ39S8MRNXFlqBsJDuapkxKjsv193we6g==",
        "dependencies": {
          "System.Memory": "4.5.3",
          "System.Runtime.CompilerServices.Unsafe": "5.0.0-preview.7.20364.11"
        }
      },
      "Newtonsoft.Json": {
        "type": "Direct",
        "requested": "[12.0.3, )",
        "resolved": "12.0.3",
        "contentHash": "6mgjfnRB4jKMlzHSl+VD+oUc1IebOZabkbyWj2RiTgWwYPPuaK1H97G1sHqGwPlS5npiF5Q0OrxN1wni2n5QWg=="
      },
      "System.Buffers": {
        "type": "Transitive",
        "resolved": "4.4.0",
        "contentHash": "AwarXzzoDwX6BgrhjoJsk6tUezZEozOT5Y9QKF94Gl4JK91I4PIIBkBco9068Y9/Dra8Dkbie99kXB8+1BaYKw=="
      },
      "System.Memory": {
        "type": "Transitive",
        "resolved": "4.5.3",
        "contentHash": "3oDzvc/zzetpTKWMShs1AADwZjQ/36HnsufHRPcOjyRAAMLDlu2iD33MBI2opxnezcVUtXyqDXXjoFMOU9c7SA==",
        "dependencies": {
          "System.Buffers": "4.4.0",
          "System.Numerics.Vectors": "4.4.0",
          "System.Runtime.CompilerServices.Unsafe": "4.5.2"
        }
      },
      "System.Numerics.Vectors": {
        "type": "Transitive",
        "resolved": "4.4.0",
        "contentHash": "UiLzLW+Lw6HLed1Hcg+8jSRttrbuXv7DANVj0DkL9g6EnnzbL75EB7EWsw5uRbhxd/4YdG8li5XizGWepmG3PQ=="
      },
      "System.Runtime.CompilerServices.Unsafe": {
        "type": "Transitive",
        "resolved": "5.0.0-preview.7.20364.11",
        "contentHash": "6oEx3elihyJmDIcofF5g5AB2hSk0P+lc9WIyDEEVxi6BlBk1xkoOik/r16YlLT/rq/a7rUdyXzbRtabH9N+Dxg=="
      }
    },
    ".NETStandard,Version=v2.0": {
      "Microsoft.Extensions.Primitives": {
        "type": "Direct",
        "requested": "[5.0.0-preview.7.20364.11, )",
        "resolved": "5.0.0-preview.7.20364.11",
        "contentHash": "ddBYIH2AlflSH7wMT8XKpWpfA08lAn+fU/pVCvY3kt5TRRMXpBgzUDZ39S8MRNXFlqBsJDuapkxKjsv193we6g==",
        "dependencies": {
          "System.Memory": "4.5.3",
          "System.Runtime.CompilerServices.Unsafe": "5.0.0-preview.7.20364.11"
        }
      },
      "NETStandard.Library": {
        "type": "Direct",
        "requested": "[2.0.3, )",
        "resolved": "2.0.3",
        "contentHash": "st47PosZSHrjECdjeIzZQbzivYBJFv6P2nv4cj2ypdI204DO+vZ7l5raGMiX4eXMJ53RfOIg+/s4DHVZ54Nu2A==",
        "dependencies": {
          "Microsoft.NETCore.Platforms": "1.1.0"
        }
      },
      "Newtonsoft.Json": {
        "type": "Direct",
        "requested": "[12.0.3, )",
        "resolved": "12.0.3",
        "contentHash": "6mgjfnRB4jKMlzHSl+VD+oUc1IebOZabkbyWj2RiTgWwYPPuaK1H97G1sHqGwPlS5npiF5Q0OrxN1wni2n5QWg=="
      },
      "Microsoft.NETCore.Platforms": {
        "type": "Transitive",
        "resolved": "1.1.0",
        "contentHash": "kz0PEW2lhqygehI/d6XsPCQzD7ff7gUJaVGPVETX611eadGsA3A877GdSlU0LRVMCTH/+P3o2iDTak+S08V2+A=="
      },
      "System.Buffers": {
        "type": "Transitive",
        "resolved": "4.4.0",
        "contentHash": "AwarXzzoDwX6BgrhjoJsk6tUezZEozOT5Y9QKF94Gl4JK91I4PIIBkBco9068Y9/Dra8Dkbie99kXB8+1BaYKw=="
      },
      "System.Memory": {
        "type": "Transitive",
        "resolved": "4.5.3",
        "contentHash": "3oDzvc/zzetpTKWMShs1AADwZjQ/36HnsufHRPcOjyRAAMLDlu2iD33MBI2opxnezcVUtXyqDXXjoFMOU9c7SA==",
        "dependencies": {
          "System.Buffers": "4.4.0",
          "System.Numerics.Vectors": "4.4.0",
          "System.Runtime.CompilerServices.Unsafe": "4.5.2"
        }
      },
      "System.Numerics.Vectors": {
        "type": "Transitive",
        "resolved": "4.4.0",
        "contentHash": "UiLzLW+Lw6HLed1Hcg+8jSRttrbuXv7DANVj0DkL9g6EnnzbL75EB7EWsw5uRbhxd/4YdG8li5XizGWepmG3PQ=="
      },
      "System.Runtime.CompilerServices.Unsafe": {
        "type": "Transitive",
        "resolved": "5.0.0-preview.7.20364.11",
        "contentHash": "6oEx3elihyJmDIcofF5g5AB2hSk0P+lc9WIyDEEVxi6BlBk1xkoOik/r16YlLT/rq/a7rUdyXzbRtabH9N+Dxg=="
      }
    },
    "net5.0": {
      "Microsoft.Extensions.Primitives": {
        "type": "Direct",
        "requested": "[5.0.0-preview.7.20364.11, )",
        "resolved": "5.0.0-preview.7.20364.11",
        "contentHash": "ddBYIH2AlflSH7wMT8XKpWpfA08lAn+fU/pVCvY3kt5TRRMXpBgzUDZ39S8MRNXFlqBsJDuapkxKjsv193we6g=="
      },
      "Newtonsoft.Json": {
        "type": "Direct",
        "requested": "[12.0.3, )",
        "resolved": "12.0.3",
        "contentHash": "6mgjfnRB4jKMlzHSl+VD+oUc1IebOZabkbyWj2RiTgWwYPPuaK1H97G1sHqGwPlS5npiF5Q0OrxN1wni2n5QWg=="
      }
    }
  }
}